
Microsoft Visual Studio Solution File, Format Version 12.00
# Visual Studio 14
VisualStudioVersion = 14.0.25420.1
MinimumVisualStudioVersion = 10.0.40219.1
Project("{FAE04EC0-301F-11D3-BF4B-00C04F79EFBC}") = "intel_auto_screenshotter", "intel_auto_screenshotter\intel_auto_screenshotter.csproj", "{635B6F7F-A87C-4177-A1DF-4E22B099B0F4}"
EndProject
Project("{2150E333-8FDC-42A3-9474-1A3956D46DE8}") = "font", "font", "{A934507C-779E-44BD-9B27-DD467F2B8AE4}"
	ProjectSection(SolutionItems) = preProject
		intel_auto_screenshotter\bin\Debug\data\amusaf.ttf = intel_auto_screenshotter\bin\Debug\data\amusaf.ttf
	EndProjectSection
EndProject
Global
	GlobalSection(SolutionConfigurationPlatforms) = preSolution
		Debug|Any CPU = Debug|Any CPU
		Release|Any CPU = Release|Any CPU
	EndGlobalSection
	GlobalSection(ProjectConfigurationPlatforms) = postSolution
		{635B6F7F-A87C-4177-A1DF-4E22B099B0F4}.Debug|Any CPU.ActiveCfg = Debug|Any CPU
		{635B6F7F-A87C-4177-A1DF-4E22B099B0F4}.Debug|Any CPU.Build.0 = Debug|Any CPU
		{635B6F7F-A87C-4177-A1DF-4E22B099B0F4}.Release|Any CPU.ActiveCfg = Release|Any CPU
		{635B6F7F-A87C-4177-A1DF-4E22B099B0F4}.Release|Any CPU.Build.0 = Release|Any CPU
	EndGlobalSection
	GlobalSection(SolutionProperties) = preSolution
		HideSolutionNode = FALSE
	EndGlobalSection
EndGlobal
